PODS:
  - DLDB (0.9.7)
  - SQLite.swift (0.13.2):
    - SQLite.swift/standard (= 0.13.2)
  - SQLite.swift/standard (0.13.2)

DEPENDENCIES:
  - DLDB (= 0.9.7)
  - SQLite.swift (~> 0.13.2)

SPEC REPOS:
  trunk:
    - DLDB
    - SQLite.swift

SPEC CHECKSUMS:
  DLDB: 27d38b49e0b884dbfed1c8499fbc0d32a7035f4c
  SQLite.swift: 4fc2be46c36392e3b87afe6fe7f1801c1daa07ef

PODFILE CHECKSUM: 806a7fba1269f7ab2a304cc4edaabd6f7a021bed

COCOAPODS: 1.11.2
