// !$*UTF8*$!
{
	archiveVersion = 1;
	classes = {
	};
	objectVersion = 55;
	objects = {

/* Begin PBXBuildFile section */
		C54E59B127AA696800D83EE6 /* ViewerApp.swift in Sources */ = {isa = PBXBuildFile; fileRef = C54E59B027AA696800D83EE6 /* ViewerApp.swift */; };
		C54E59B327AA696800D83EE6 /* ContentView.swift in Sources */ = {isa = PBXBuildFile; fileRef = C54E59B227AA696800D83EE6 /* ContentView.swift */; };
		C54E59B527AA696A00D83EE6 /* Assets.xcassets in Resources */ = {isa = PBXBuildFile; fileRef = C54E59B427AA696A00D83EE6 /* Assets.xcassets */; };
		C54E59B827AA696A00D83EE6 /* Preview Assets.xcassets in Resources */ = {isa = PBXBuildFile; fileRef = C54E59B727AA696A00D83EE6 /* Preview Assets.xcassets */; };
		C54E59C027AA69BC00D83EE6 /* DLDB.xcframework in Frameworks */ = {isa = PBXBuildFile; fileRef = C54E59BF27AA69BC00D83EE6 /* DLDB.xcframework */; };
		C54E59C627AAE55300D83EE6 /* libz.tbd in Frameworks */ = {isa = PBXBuildFile; fileRef = C54E59C527AAE54200D83EE6 /* libz.tbd */; };
		C54E59C827AAE56600D83EE6 /* libc++.tbd in Frameworks */ = {isa = PBXBuildFile; fileRef = C54E59C727AAE55D00D83EE6 /* libc++.tbd */; };
/* End PBXBuildFile section */

/* Begin PBXFileReference section */
		C54E59AD27AA696800D83EE6 /* Viewer.app */ = {isa = PBXFileReference; explicitFileType = wrapper.application; includeInIndex = 0; path = Viewer.app; sourceTree = BUILT_PRODUCTS_DIR; };
		C54E59B027AA696800D83EE6 /* ViewerApp.swift */ = {isa = PBXFileReference; lastKnownFileType = sourcecode.swift; path = ViewerApp.swift; sourceTree = "<group>"; };
		C54E59B227AA696800D83EE6 /* ContentView.swift */ = {isa = PBXFileReference; lastKnownFileType = sourcecode.swift; path = ContentView.swift; sourceTree = "<group>"; };
		C54E59B427AA696A00D83EE6 /* Assets.xcassets */ = {isa = PBXFileReference; lastKnownFileType = folder.assetcatalog; path = Assets.xcassets; sourceTree = "<group>"; };
		C54E59B727AA696A00D83EE6 /* Preview Assets.xcassets */ = {isa = PBXFileReference; lastKnownFileType = folder.assetcatalog; path = "Preview Assets.xcassets"; sourceTree = "<group>"; };
		C54E59BF27AA69BC00D83EE6 /* DLDB.xcframework */ = {isa = PBXFileReference; lastKnownFileType = wrapper.xcframework; name = DLDB.xcframework; path = ../../../DLDB.xcframework; sourceTree = "<group>"; };
		C54E59C427AAE35D00D83EE6 /* DLDB_Bridging_Header.h */ = {isa = PBXFileReference; lastKnownFileType = sourcecode.c.h; path = DLDB_Bridging_Header.h; sourceTree = "<group>"; };
		C54E59C527AAE54200D83EE6 /* libz.tbd */ = {isa = PBXFileReference; lastKnownFileType = "sourcecode.text-based-dylib-definition"; name = libz.tbd; path = usr/lib/libz.tbd; sourceTree = SDKROOT; };
		C54E59C727AAE55D00D83EE6 /* libc++.tbd */ = {isa = PBXFileReference; lastKnownFileType = "sourcecode.text-based-dylib-definition"; name = "libc++.tbd"; path = "usr/lib/libc++.tbd"; sourceTree = SDKROOT; };
/* End PBXFileReference section */

/* Begin PBXFrameworksBuildPhase section */
		C54E59AA27AA696800D83EE6 /* Frameworks */ = {
			isa = PBXFrameworksBuildPhase;
			buildActionMask = 2147483647;
			files = (
				C54E59C827AAE56600D83EE6 /* libc++.tbd in Frameworks */,
				C54E59C027AA69BC00D83EE6 /* DLDB.xcframework in Frameworks */,
				C54E59C627AAE55300D83EE6 /* libz.tbd in Frameworks */,
			);
			runOnlyForDeploymentPostprocessing = 0;
		};
/* End PBXFrameworksBuildPhase section */

/* Begin PBXGroup section */
		C54E59A427AA696800D83EE6 = {
			isa = PBXGroup;
			children = (
				C54E59AF27AA696800D83EE6 /* Viewer */,
				C54E59AE27AA696800D83EE6 /* Products */,
				C54E59BE27AA69BC00D83EE6 /* Frameworks */,
			);
			sourceTree = "<group>";
		};
		C54E59AE27AA696800D83EE6 /* Products */ = {
			isa = PBXGroup;
			children = (
				C54E59AD27AA696800D83EE6 /* Viewer.app */,
			);
			name = Products;
			sourceTree = "<group>";
		};
		C54E59AF27AA696800D83EE6 /* Viewer */ = {
			isa = PBXGroup;
			children = (
				C54E59B027AA696800D83EE6 /* ViewerApp.swift */,
				C54E59B227AA696800D83EE6 /* ContentView.swift */,
				C54E59B427AA696A00D83EE6 /* Assets.xcassets */,
				C54E59B627AA696A00D83EE6 /* Preview Content */,
				C54E59C427AAE35D00D83EE6 /* DLDB_Bridging_Header.h */,
			);
			path = Viewer;
			sourceTree = "<group>";
		};
		C54E59B627AA696A00D83EE6 /* Preview Content */ = {
			isa = PBXGroup;
			children = (
				C54E59B727AA696A00D83EE6 /* Preview Assets.xcassets */,
			);
			path = "Preview Content";
			sourceTree = "<group>";
		};
		C54E59BE27AA69BC00D83EE6 /* Frameworks */ = {
			isa = PBXGroup;
			children = (
				C54E59C727AAE55D00D83EE6 /* libc++.tbd */,
				C54E59C527AAE54200D83EE6 /* libz.tbd */,
				C54E59BF27AA69BC00D83EE6 /* DLDB.xcframework */,
			);
			name = Frameworks;
			sourceTree = "<group>";
		};
/* End PBXGroup section */

/* Begin PBXNativeTarget section */
		C54E59AC27AA696800D83EE6 /* Viewer */ = {
			isa = PBXNativeTarget;
			buildConfigurationList = C54E59BB27AA696A00D83EE6 /* Build configuration list for PBXNativeTarget "Viewer" */;
			buildPhases = (
				C54E59A927AA696800D83EE6 /* Sources */,
				C54E59AA27AA696800D83EE6 /* Frameworks */,
				C54E59AB27AA696800D83EE6 /* Resources */,
			);
			buildRules = (
			);
			dependencies = (
			);
			name = Viewer;
			productName = Viewer;
			productReference = C54E59AD27AA696800D83EE6 /* Viewer.app */;
			productType = "com.apple.product-type.application";
		};
/* End PBXNativeTarget section */

/* Begin PBXProject section */
		C54E59A527AA696800D83EE6 /* Project object */ = {
			isa = PBXProject;
			attributes = {
				BuildIndependentTargetsInParallel = 1;
				LastSwiftUpdateCheck = 1320;
				LastUpgradeCheck = 1320;
				TargetAttributes = {
					C54E59AC27AA696800D83EE6 = {
						CreatedOnToolsVersion = 13.2.1;
					};
				};
			};
			buildConfigurationList = C54E59A827AA696800D83EE6 /* Build configuration list for PBXProject "Viewer" */;
			compatibilityVersion = "Xcode 13.0";
			developmentRegion = en;
			hasScannedForEncodings = 0;
			knownRegions = (
				en,
				Base,
			);
			mainGroup = C54E59A427AA696800D83EE6;
			productRefGroup = C54E59AE27AA696800D83EE6 /* Products */;
			projectDirPath = "";
			projectRoot = "";
			targets = (
				C54E59AC27AA696800D83EE6 /* Viewer */,
			);
		};
/* End PBXProject section */

/* Begin PBXResourcesBuildPhase section */
		C54E59AB27AA696800D83EE6 /* Resources */ = {
			isa = PBXResourcesBuildPhase;
			buildActionMask = 2147483647;
			files = (
				C54E59B827AA696A00D83EE6 /* Preview Assets.xcassets in Resources */,
				C54E59B527AA696A00D83EE6 /* Assets.xcassets in Resources */,
			);
			runOnlyForDeploymentPostprocessing = 0;
		};
/* End PBXResourcesBuildPhase section */

/* Begin PBXSourcesBuildPhase section */
		C54E59A927AA696800D83EE6 /* Sources */ = {
			isa = PBXSourcesBuildPhase;
			buildActionMask = 2147483647;
			files = (
				C54E59B327AA696800D83EE6 /* ContentView.swift in Sources */,
				C54E59B127AA696800D83EE6 /* ViewerApp.swift in Sources */,
			);
			runOnlyForDeploymentPostprocessing = 0;
		};
/* End PBXSourcesBuildPhase section */

/* Begin XCBuildConfiguration section */
		C54E59B927AA696A00D83EE6 /* Debug */ = {
			isa = XCBuildConfiguration;
			buildSettings = {
				ALWAYS_SEARCH_USER_PATHS = NO;
				CLANG_ANALYZER_NONNULL = YES;
				CLANG_ANALYZER_NUMBER_OBJECT_CONVERSION = YES_AGGRESSIVE;
				CLANG_CXX_LANGUAGE_STANDARD = "gnu++17";
				CLANG_CXX_LIBRARY = "libc++";
				CLANG_ENABLE_MODULES = YES;
				CLANG_ENABLE_OBJC_ARC = YES;
				CLANG_ENABLE_OBJC_WEAK = YES;
				CLANG_WARN_BLOCK_CAPTURE_AUTORELEASING = YES;
				CLANG_WARN_BOOL_CONVERSION = YES;
				CLANG_WARN_COMMA = YES;
				CLANG_WARN_CONSTANT_CONVERSION = YES;
				CLANG_WARN_DEPRECATED_OBJC_IMPLEMENTATIONS = YES;
				CLANG_WARN_DIRECT_OBJC_ISA_USAGE = YES_ERROR;
				CLANG_WARN_DOCUMENTATION_COMMENTS = YES;
				CLANG_WARN_EMPTY_BODY = YES;
				CLANG_WARN_ENUM_CONVERSION = YES;
				CLANG_WARN_INFINITE_RECURSION = YES;
				CLANG_WARN_INT_CONVERSION = YES;
				CLANG_WARN_NON_LITERAL_NULL_CONVERSION = YES;
				CLANG_WARN_OBJC_IMPLICIT_RETAIN_SELF = YES;
				CLANG_WARN_OBJC_LITERAL_CONVERSION = YES;
				CLANG_WARN_OBJC_ROOT_CLASS = YES_ERROR;
				CLANG_WARN_QUOTED_INCLUDE_IN_FRAMEWORK_HEADER = YES;
				CLANG_WARN_RANGE_LOOP_ANALYSIS = YES;
				CLANG_WARN_STRICT_PROTOTYPES = YES;
				CLANG_WARN_SUSPICIOUS_MOVE = YES;
				CLANG_WARN_UNGUARDED_AVAILABILITY = YES_AGGRESSIVE;
				CLANG_WARN_UNREACHABLE_CODE = YES;
				CLANG_WARN__DUPLICATE_METHOD_MATCH = YES;
				COPY_PHASE_STRIP = NO;
				DEBUG_INFORMATION_FORMAT = dwarf;
				ENABLE_STRICT_OBJC_MSGSEND = YES;
				ENABLE_TESTABILITY = YES;
				GCC_C_LANGUAGE_STANDARD = gnu11;
				GCC_DYNAMIC_NO_PIC = NO;
				GCC_NO_COMMON_BLOCKS = YES;
				GCC_OPTIMIZATION_LEVEL = 0;
				GCC_PREPROCESSOR_DEFINITIONS = (
					"DEBUG=1",
					"$(inherited)",
				);
				GCC_WARN_64_TO_32_BIT_CONVERSION = YES;
				GCC_WARN_ABOUT_RETURN_TYPE = YES_ERROR;
				GCC_WARN_UNDECLARED_SELECTOR = YES;
				GCC_WARN_UNINITIALIZED_AUTOS = YES_AGGRESSIVE;
				GCC_WARN_UNUSED_FUNCTION = YES;
				GCC_WARN_UNUSED_VARIABLE = YES;
				IPHONEOS_DEPLOYMENT_TARGET = 15.2;
				MTL_ENABLE_DEBUG_INFO = INCLUDE_SOURCE;
				MTL_FAST_MATH = YES;
				ONLY_ACTIVE_ARCH = YES;
				SDKROOT = iphoneos;
				SWIFT_ACTIVE_COMPILATION_CONDITIONS = DEBUG;
				SWIFT_OPTIMIZATION_LEVEL = "-Onone";
			};
			name = Debug;
		};
		C54E59BA27AA696A00D83EE6 /* Release */ = {
			isa = XCBuildConfiguration;
			buildSettings = {
				ALWAYS_SEARCH_USER_PATHS = NO;
				CLANG_ANALYZER_NONNULL = YES;
				CLANG_ANALYZER_NUMBER_OBJECT_CONVERSION = YES_AGGRESSIVE;
				CLANG_CXX_LANGUAGE_STANDARD = "gnu++17";
				CLANG_CXX_LIBRARY = "libc++";
				CLANG_ENABLE_MODULES = YES;
				CLANG_ENABLE_OBJC_ARC = YES;
				CLANG_ENABLE_OBJC_WEAK = YES;
				CLANG_WARN_BLOCK_CAPTURE_AUTORELEASING = YES;
				CLANG_WARN_BOOL_CONVERSION = YES;
				CLANG_WARN_COMMA = YES;
				CLANG_WARN_CONSTANT_CONVERSION = YES;
				CLANG_WARN_DEPRECATED_OBJC_IMPLEMENTATIONS = YES;
				CLANG_WARN_DIRECT_OBJC_ISA_USAGE = YES_ERROR;
				CLANG_WARN_DOCUMENTATION_COMMENTS = YES;
				CLANG_WARN_EMPTY_BODY = YES;
				CLANG_WARN_ENUM_CONVERSION = YES;
				CLANG_WARN_INFINITE_RECURSION = YES;
				CLANG_WARN_INT_CONVERSION = YES;
				CLANG_WARN_NON_LITERAL_NULL_CONVERSION = YES;
				CLANG_WARN_OBJC_IMPLICIT_RETAIN_SELF = YES;
				CLANG_WARN_OBJC_LITERAL_CONVERSION = YES;
				CLANG_WARN_OBJC_ROOT_CLASS = YES_ERROR;
				CLANG_WARN_QUOTED_INCLUDE_IN_FRAMEWORK_HEADER = YES;
				CLANG_WARN_RANGE_LOOP_ANALYSIS = YES;
				CLANG_WARN_STRICT_PROTOTYPES = YES;
				CLANG_WARN_SUSPICIOUS_MOVE = YES;
				CLANG_WARN_UNGUARDED_AVAILABILITY = YES_AGGRESSIVE;
				CLANG_WARN_UNREACHABLE_CODE = YES;
				CLANG_WARN__DUPLICATE_METHOD_MATCH = YES;
				COPY_PHASE_STRIP = NO;
				DEBUG_INFORMATION_FORMAT = "dwarf-with-dsym";
				ENABLE_NS_ASSERTIONS = NO;
				ENABLE_STRICT_OBJC_MSGSEND = YES;
				GCC_C_LANGUAGE_STANDARD = gnu11;
				GCC_NO_COMMON_BLOCKS = YES;
				GCC_WARN_64_TO_32_BIT_CONVERSION = YES;
				GCC_WARN_ABOUT_RETURN_TYPE = YES_ERROR;
				GCC_WARN_UNDECLARED_SELECTOR = YES;
				GCC_WARN_UNINITIALIZED_AUTOS = YES_AGGRESSIVE;
				GCC_WARN_UNUSED_FUNCTION = YES;
				GCC_WARN_UNUSED_VARIABLE = YES;
				IPHONEOS_DEPLOYMENT_TARGET = 15.2;
				MTL_ENABLE_DEBUG_INFO = NO;
				MTL_FAST_MATH = YES;
				SDKROOT = iphoneos;
				SWIFT_COMPILATION_MODE = wholemodule;
				SWIFT_OPTIMIZATION_LEVEL = "-O";
				VALIDATE_PRODUCT = YES;
			};
			name = Release;
		};
		C54E59BC27AA696A00D83EE6 /* Debug */ = {
			isa = XCBuildConfiguration;
			buildSettings = {
				ASSETCATALOG_COMPILER_APPICON_NAME = AppIcon;
				ASSETCATALOG_COMPILER_GLOBAL_ACCENT_COLOR_NAME = AccentColor;
				CODE_SIGN_STYLE = Automatic;
				CURRENT_PROJECT_VERSION = 1;
				DEVELOPMENT_ASSET_PATHS = "\"Viewer/Preview Content\"";
				DEVELOPMENT_TEAM = 245L4EHWU9;
				ENABLE_PREVIEWS = YES;
				GENERATE_INFOPLIST_FILE = YES;
				INFOPLIST_KEY_UIApplicationSceneManifest_Generation = YES;
				INFOPLIST_KEY_UIApplicationSupportsIndirectInputEvents = YES;
				INFOPLIST_KEY_UILaunchScreen_Generation = YES;
				INFOPLIST_KEY_UISupportedInterfaceOrientations_iPad = "UIInterfaceOrientationPortrait UIInterfaceOrientationPortraitUpsideDown UIInterfaceOrientationLandscapeLeft UIInterfaceOrientationLandscapeRight";
				INFOPLIST_KEY_UISupportedInterfaceOrientations_iPhone = "UIInterfaceOrientationPortrait UIInterfaceOrientationLandscapeLeft UIInterfaceOrientationLandscapeRight";
				LD_RUNPATH_SEARCH_PATHS = (
					"$(inherited)",
					"@executable_path/Frameworks",
				);
				MARKETING_VERSION = 1.0;
				PRODUCT_BUNDLE_IDENTIFIER = io.dldb.example.ios.swift.Viewer;
				PRODUCT_NAME = "$(TARGET_NAME)";
				SWIFT_EMIT_LOC_STRINGS = YES;
				SWIFT_OBJC_BRIDGING_HEADER = Viewer/DLDB_Bridging_Header.h;
				SWIFT_VERSION = 5.0;
				TARGETED_DEVICE_FAMILY = "1,2";
			};
			name = Debug;
		};
		C54E59BD27AA696A00D83EE6 /* Release */ = {
			isa = XCBuildConfiguration;
			buildSettings = {
				ASSETCATALOG_COMPILER_APPICON_NAME = AppIcon;
				ASSETCATALOG_COMPILER_GLOBAL_ACCENT_COLOR_NAME = AccentColor;
				CODE_SIGN_STYLE = Automatic;
				CURRENT_PROJECT_VERSION = 1;
				DEVELOPMENT_ASSET_PATHS = "\"Viewer/Preview Content\"";
				DEVELOPMENT_TEAM = 245L4EHWU9;
				ENABLE_PREVIEWS = YES;
				GENERATE_INFOPLIST_FILE = YES;
				INFOPLIST_KEY_UIApplicationSceneManifest_Generation = YES;
				INFOPLIST_KEY_UIApplicationSupportsIndirectInputEvents = YES;
				INFOPLIST_KEY_UILaunchScreen_Generation = YES;
				INFOPLIST_KEY_UISupportedInterfaceOrientations_iPad = "UIInterfaceOrientationPortrait UIInterfaceOrientationPortraitUpsideDown UIInterfaceOrientationLandscapeLeft UIInterfaceOrientationLandscapeRight";
				INFOPLIST_KEY_UISupportedInterfaceOrientations_iPhone = "UIInterfaceOrientationPortrait UIInterfaceOrientationLandscapeLeft UIInterfaceOrientationLandscapeRight";
				LD_RUNPATH_SEARCH_PATHS = (
					"$(inherited)",
					"@executable_path/Frameworks",
				);
				MARKETING_VERSION = 1.0;
				PRODUCT_BUNDLE_IDENTIFIER = io.dldb.example.ios.swift.Viewer;
				PRODUCT_NAME = "$(TARGET_NAME)";
				SWIFT_EMIT_LOC_STRINGS = YES;
				SWIFT_OBJC_BRIDGING_HEADER = Viewer/DLDB_Bridging_Header.h;
				SWIFT_VERSION = 5.0;
				TARGETED_DEVICE_FAMILY = "1,2";
			};
			name = Release;
		};
/* End XCBuildConfiguration section */

/* Begin XCConfigurationList section */
		C54E59A827AA696800D83EE6 /* Build configuration list for PBXProject "Viewer" */ = {
			isa = XCConfigurationList;
			buildConfigurations = (
				C54E59B927AA696A00D83EE6 /* Debug */,
				C54E59BA27AA696A00D83EE6 /* Release */,
			);
			defaultConfigurationIsVisible = 0;
			defaultConfigurationName = Release;
		};
		C54E59BB27AA696A00D83EE6 /* Build configuration list for PBXNativeTarget "Viewer" */ = {
			isa = XCConfigurationList;
			buildConfigurations = (
				C54E59BC27AA696A00D83EE6 /* Debug */,
				C54E59BD27AA696A00D83EE6 /* Release */,
			);
			defaultConfigurationIsVisible = 0;
			defaultConfigurationName = Release;
		};
/* End XCConfigurationList section */
	};
	rootObject = C54E59A527AA696800D83EE6 /* Project object */;
}
